{
  "pins" : [
    {
      "identity" : "toast-swift",
      "kind" : "remoteSourceControl",
      "location" : "https://github.com/scalessec/Toast-Swift",
      "state" : {
        "branch" : "master",
        "revision" : "0c9493eeacb102cc614da385cfaaf475379f4ab4"
      }
    },
    {
      "identity" : "xtravision-swift-package",
      "kind" : "remoteSourceControl",
      "location" : "https://github.com/xtravision-ai/xtravision-swift-package.git",
      "state" : {
        "branch" : "main",
        "revision" : "4ae9b141b093c68124d3c11ef5d669dcc1e3b77e"
      }
    }
  ],
  "version" : 2
}
