{
  "pins" : [
    {
      "identity" : "toast-swift",
      "kind" : "remoteSourceControl",
      "location" : "https://github.com/scalessec/Toast-Swift",
      "state" : {
        "branch" : "master",
        "revision" : "0c9493eeacb102cc614da385cfaaf475379f4ab4"
      }
    },
    {
      "identity" : "xtravision-swift-package",
      "kind" : "remoteSourceControl",
      "location" : "https://github.com/xtravision-ai/xtravision-swift-package.git",
      "state" : {
        "branch" : "main",
        "revision" : "caaa5d4bb22f070b088c9ee661278e394190f6b1"
      }
    }
  ],
  "version" : 2
}
