{
  "pins" : [
    {
      "identity" : "xtravision-swift-package",
      "kind" : "remoteSourceControl",
      "location" : "https://github.com/xtravision-ai/xtravision-swift-package.git",
      "state" : {
        "branch" : "main",
        "revision" : "8311395b82bb1193a9624ebfa6742bef3444f707"
      }
    }
  ],
  "version" : 2
}
